
Microsoft Visual Studio Solution File, Format Version 12.00
# Visual Studio 15
VisualStudioVersion = 15.0.27004.2005
MinimumVisualStudioVersion = 10.0.40219.1
Project("{FAE04EC0-301F-11D3-BF4B-00C04F79EFBC}") = "SongsClasses", "SongsClasses\SongsClasses.csproj", "{4FB404EA-7582-4209-8B7A-3A15CA4FC423}"
EndProject
Global
	GlobalSection(SolutionConfigurationPlatforms) = preSolution
		Debug|Any CPU = Debug|Any CPU
		Release|Any CPU = Release|Any CPU
	EndGlobalSection
	GlobalSection(ProjectConfigurationPlatforms) = postSolution
		{4FB404EA-7582-4209-8B7A-3A15CA4FC423}.Debug|Any CPU.ActiveCfg = Debug|Any CPU
		{4FB404EA-7582-4209-8B7A-3A15CA4FC423}.Debug|Any CPU.Build.0 = Debug|Any CPU
		{4FB404EA-7582-4209-8B7A-3A15CA4FC423}.Release|Any CPU.ActiveCfg = Release|Any CPU
		{4FB404EA-7582-4209-8B7A-3A15CA4FC423}.Release|Any CPU.Build.0 = Release|Any CPU
	EndGlobalSection
	GlobalSection(SolutionProperties) = preSolution
		HideSolutionNode = FALSE
	EndGlobalSection
	GlobalSection(ExtensibilityGlobals) = postSolution
		SolutionGuid = {DB60B907-45CE-4BEA-9C97-95A346070FDE}
	EndGlobalSection
EndGlobal
